
Microsoft Visual Studio Solution File, Format Version 12.00
# Visual Studio 15
VisualStudioVersion = 15.0.27703.2035
MinimumVisualStudioVersion = 10.0.40219.1
Project("{FAE04EC0-301F-11D3-BF4B-00C04F79EFBC}") = "RestWithASP-NETUdemy00-Scafold", "RestWithASP-NETUdemy00-Scafold\RestWithASP-NETUdemy00-Scafold.csproj", "{31349B61-AC0B-44E0-BC6E-4137C26E5B15}"
EndProject
Global
	GlobalSection(SolutionConfigurationPlatforms) = preSolution
		Debug|Any CPU = Debug|Any CPU
		Release|Any CPU = Release|Any CPU
	EndGlobalSection
	GlobalSection(ProjectConfigurationPlatforms) = postSolution
		{31349B61-AC0B-44E0-BC6E-4137C26E5B15}.Debug|Any CPU.ActiveCfg = Debug|Any CPU
		{31349B61-AC0B-44E0-BC6E-4137C26E5B15}.Debug|Any CPU.Build.0 = Debug|Any CPU
		{31349B61-AC0B-44E0-BC6E-4137C26E5B15}.Release|Any CPU.ActiveCfg = Release|Any CPU
		{31349B61-AC0B-44E0-BC6E-4137C26E5B15}.Release|Any CPU.Build.0 = Release|Any CPU
	EndGlobalSection
	GlobalSection(SolutionProperties) = preSolution
		HideSolutionNode = FALSE
	EndGlobalSection
	GlobalSection(ExtensibilityGlobals) = postSolution
		SolutionGuid = {41CF5A08-2723-4885-931C-02E27A735BFA}
	EndGlobalSection
EndGlobal
